
Microsoft Visual Studio Solution File, Format Version 12.00
# Visual Studio Version 17
VisualStudioVersion = 17.3.32825.248
MinimumVisualStudioVersion = 10.0.40219.1
Project("{888888A0-9F3D-457C-B088-3A5042F75D52}") = "VMBackup", "VMBackup.pyproj", "{A09C7CDB-874F-4214-BAB2-90F888EAC208}"
EndProject
Global
	GlobalSection(SolutionConfigurationPlatforms) = preSolution
		Debug|Any CPU = Debug|Any CPU
		Release|Any CPU = Release|Any CPU
	EndGlobalSection
	GlobalSection(ProjectConfigurationPlatforms) = postSolution
		{A09C7CDB-874F-4214-BAB2-90F888EAC208}.Debug|Any CPU.ActiveCfg = Debug|Any CPU
		{A09C7CDB-874F-4214-BAB2-90F888EAC208}.Release|Any CPU.ActiveCfg = Release|Any CPU
	EndGlobalSection
	GlobalSection(SolutionProperties) = preSolution
		HideSolutionNode = FALSE
	EndGlobalSection
	GlobalSection(ExtensibilityGlobals) = postSolution
		SolutionGuid = {5187A3D2-249E-4FF7-8F79-EB1A9B5BB6ED}
	EndGlobalSection
EndGlobal
